// !$*UTF8*$!
{
	archiveVersion = 1;
	classes = {
	};
	objectVersion = 56;
	objects = {

/* Begin PBXBuildFile section */
		A10000000000000000000001 /* CardioGuardApp.swift in Sources */ = {isa = PBXBuildFile; fileRef = A20000000000000000000001 /* CardioGuardApp.swift */; };
		A10000000000000000000002 /* ContentView.swift in Sources */ = {isa = PBXBuildFile; fileRef = A20000000000000000000002 /* ContentView.swift */; };
		A10000000000000000000003 /* AppState.swift in Sources */ = {isa = PBXBuildFile; fileRef = A20000000000000000000003 /* AppState.swift */; };
		A10000000000000000000004 /* HeartFailureType.swift in Sources */ = {isa = PBXBuildFile; fileRef = A20000000000000000000004 /* HeartFailureType.swift */; };
		A10000000000000000000005 /* Medication.swift in Sources */ = {isa = PBXBuildFile; fileRef = A20000000000000000000005 /* Medication.swift */; };
		A10000000000000000000006 /* UserProfile.swift in Sources */ = {isa = PBXBuildFile; fileRef = A20000000000000000000006 /* UserProfile.swift */; };
		A10000000000000000000007 /* SymptomEntry.swift in Sources */ = {isa = PBXBuildFile; fileRef = A20000000000000000000007 /* SymptomEntry.swift */; };
		A10000000000000000000008 /* AlertRecord.swift in Sources */ = {isa = PBXBuildFile; fileRef = A20000000000000000000008 /* AlertRecord.swift */; };
		A10000000000000000000009 /* RiskLevel.swift in Sources */ = {isa = PBXBuildFile; fileRef = A20000000000000000000009 /* RiskLevel.swift */; };
		A1000000000000000000000A /* AppColors.swift in Sources */ = {isa = PBXBuildFile; fileRef = A2000000000000000000000A /* AppColors.swift */; };
		A1000000000000000000000B /* PersistenceController.swift in Sources */ = {isa = PBXBuildFile; fileRef = A2000000000000000000000B /* PersistenceController.swift */; };
		A1000000000000000000000C /* CoreDataEntities.swift in Sources */ = {isa = PBXBuildFile; fileRef = A2000000000000000000000C /* CoreDataEntities.swift */; };
		A1000000000000000000000D /* ProfileStore.swift in Sources */ = {isa = PBXBuildFile; fileRef = A2000000000000000000000D /* ProfileStore.swift */; };
		A1000000000000000000000E /* HealthKitService.swift in Sources */ = {isa = PBXBuildFile; fileRef = A2000000000000000000000E /* HealthKitService.swift */; };
		A1000000000000000000000F /* DataRepository.swift in Sources */ = {isa = PBXBuildFile; fileRef = A2000000000000000000000F /* DataRepository.swift */; };
		A10000000000000000000010 /* RiskScoringEngine.swift in Sources */ = {isa = PBXBuildFile; fileRef = A20000000000000000000010 /* RiskScoringEngine.swift */; };
		A10000000000000000000011 /* AlertManager.swift in Sources */ = {isa = PBXBuildFile; fileRef = A20000000000000000000011 /* AlertManager.swift */; };
		A10000000000000000000012 /* AppServices.swift in Sources */ = {isa = PBXBuildFile; fileRef = A20000000000000000000012 /* AppServices.swift */; };
		A10000000000000000000030 /* SyncService.swift in Sources */ = {isa = PBXBuildFile; fileRef = A20000000000000000000024 /* SyncService.swift */; };
		A10000000000000000000013 /* OnboardingContainerView.swift in Sources */ = {isa = PBXBuildFile; fileRef = A20000000000000000000013 /* OnboardingContainerView.swift */; };
		A10000000000000000000014 /* OnboardingHFTypeView.swift in Sources */ = {isa = PBXBuildFile; fileRef = A20000000000000000000014 /* OnboardingHFTypeView.swift */; };
		A10000000000000000000015 /* OnboardingMedicationsView.swift in Sources */ = {isa = PBXBuildFile; fileRef = A200000000000000000015 /* OnboardingMedicationsView.swift */; };
		A10000000000000000000016 /* OnboardingBaselineView.swift in Sources */ = {isa = PBXBuildFile; fileRef = A20000000000000000000016 /* OnboardingBaselineView.swift */; };
		A10000000000000000000017 /* OnboardingHealthKitView.swift in Sources */ = {isa = PBXBuildFile; fileRef = A20000000000000000000017 /* OnboardingHealthKitView.swift */; };
		A10000000000000000000017 /* OnboardingHealthKitView.swift in Sources */ = {isa = PBXBuildFile; fileRef = A20000000000000000000021 /* OnboardingHealthKitView.swift */; };
		A10000000000000000000018 /* OnboardingCompleteView.swift in Sources */ = {isa = PBXBuildFile; fileRef = A20000000000000000000018 /* OnboardingCompleteView.swift */; };
		A10000000000000000000019 /* HomeDashboardView.swift in Sources */ = {isa = PBXBuildFile; fileRef = A20000000000000000000019 /* HomeDashboardView.swift */; };
		A1000000000000000000001A /* TrendsView.swift in Sources */ = {isa = PBXBuildFile; fileRef = A2000000000000000000001A /* TrendsView.swift */; };
		A1000000000000000000001B /* SymptomLogView.swift in Sources */ = {isa = PBXBuildFile; fileRef = A2000000000000000000001B /* SymptomLogView.swift */; };
		A1000000000000000000001C /* MedicationsView.swift in Sources */ = {isa = PBXBuildFile; fileRef = A2000000000000000000001C /* MedicationsView.swift */; };
		A1000000000000000000001D /* AlertsHistoryView.swift in Sources */ = {isa = PBXBuildFile; fileRef = A2000000000000000000001D /* AlertsHistoryView.swift */; };
		A1000000000000000000001E /* SettingsView.swift in Sources */ = {isa = PBXBuildFile; fileRef = A2000000000000000000001E /* SettingsView.swift */; };
		A1000000000000000000001F /* Info.plist in Resources */ = {isa = PBXBuildFile; fileRef = A2000000000000000000001F /* Info.plist */; };
		A10000000000000000000020 /* Assets.xcassets in Resources */ = {isa = PBXBuildFile; fileRef = A20000000000000000000022 /* Assets.xcassets */; };
		A10000000000000000000021 /* HealthKit.framework in Frameworks */ = {isa = PBXBuildFile; fileRef = A20000000000000000000023 /* HealthKit.framework */; };
/* End PBXBuildFile section */

/* Begin PBXFileReference section */
		A20000000000000000000001 /* CardioGuardApp.swift */ = {isa = PBXFileReference; lastKnownFileType = sourcecode.swift; path = CardioGuardApp.swift; sourceTree = "<group>"; };
		A20000000000000000000002 /* ContentView.swift */ = {isa = PBXFileReference; lastKnownFileType = sourcecode.swift; path = ContentView.swift; sourceTree = "<group>"; };
		A20000000000000000000003 /* AppState.swift */ = {isa = PBXFileReference; lastKnownFileType = sourcecode.swift; path = AppState.swift; sourceTree = "<group>"; };
		A20000000000000000000004 /* HeartFailureType.swift */ = {isa = PBXFileReference; lastKnownFileType = sourcecode.swift; path = HeartFailureType.swift; sourceTree = "<group>"; };
		A20000000000000000000005 /* Medication.swift */ = {isa = PBXFileReference; lastKnownFileType = sourcecode.swift; path = Medication.swift; sourceTree = "<group>"; };
		A20000000000000000000006 /* UserProfile.swift */ = {isa = PBXFileReference; lastKnownFileType = sourcecode.swift; path = UserProfile.swift; sourceTree = "<group>"; };
		A20000000000000000000007 /* SymptomEntry.swift */ = {isa = PBXFileReference; lastKnownFileType = sourcecode.swift; path = SymptomEntry.swift; sourceTree = "<group>"; };
		A20000000000000000000008 /* AlertRecord.swift */ = {isa = PBXFileReference; lastKnownFileType = sourcecode.swift; path = AlertRecord.swift; sourceTree = "<group>"; };
		A20000000000000000000009 /* RiskLevel.swift */ = {isa = PBXFileReference; lastKnownFileType = sourcecode.swift; path = RiskLevel.swift; sourceTree = "<group>"; };
		A2000000000000000000000A /* AppColors.swift */ = {isa = PBXFileReference; lastKnownFileType = sourcecode.swift; path = AppColors.swift; sourceTree = "<group>"; };
		A2000000000000000000000B /* PersistenceController.swift */ = {isa = PBXFileReference; lastKnownFileType = sourcecode.swift; path = PersistenceController.swift; sourceTree = "<group>"; };
		A2000000000000000000000C /* CoreDataEntities.swift */ = {isa = PBXFileReference; lastKnownFileType = sourcecode.swift; path = CoreDataEntities.swift; sourceTree = "<group>"; };
		A2000000000000000000000D /* ProfileStore.swift */ = {isa = PBXFileReference; lastKnownFileType = sourcecode.swift; path = ProfileStore.swift; sourceTree = "<group>"; };
		A2000000000000000000000E /* HealthKitService.swift */ = {isa = PBXFileReference; lastKnownFileType = sourcecode.swift; path = HealthKitService.swift; sourceTree = "<group>"; };
		A2000000000000000000000F /* DataRepository.swift */ = {isa = PBXFileReference; lastKnownFileType = sourcecode.swift; path = DataRepository.swift; sourceTree = "<group>"; };
		A20000000000000000000010 /* RiskScoringEngine.swift */ = {isa = PBXFileReference; lastKnownFileType = sourcecode.swift; path = RiskScoringEngine.swift; sourceTree = "<group>"; };
		A20000000000000000000011 /* AlertManager.swift */ = {isa = PBXFileReference; lastKnownFileType = sourcecode.swift; path = AlertManager.swift; sourceTree = "<group>"; };
		A20000000000000000000012 /* AppServices.swift */ = {isa = PBXFileReference; lastKnownFileType = sourcecode.swift; path = AppServices.swift; sourceTree = "<group>"; };
		A20000000000000000000013 /* OnboardingContainerView.swift */ = {isa = PBXFileReference; lastKnownFileType = sourcecode.swift; path = OnboardingContainerView.swift; sourceTree = "<group>"; };
		A20000000000000000000014 /* OnboardingHFTypeView.swift */ = {isa = PBXFileReference; lastKnownFileType = sourcecode.swift; path = OnboardingHFTypeView.swift; sourceTree = "<group>"; };
		A20000000000000000000015 /* OnboardingMedicationsView.swift */ = {isa = PBXFileReference; lastKnownFileType = sourcecode.swift; path = OnboardingMedicationsView.swift; sourceTree = "<group>"; };
		A20000000000000000000016 /* OnboardingBaselineView.swift */ = {isa = PBXFileReference; lastKnownFileType = sourcecode.swift; path = OnboardingBaselineView.swift; sourceTree = "<group>"; };
		A20000000000000000000018 /* OnboardingCompleteView.swift */ = {isa = PBXFileReference; lastKnownFileType = sourcecode.swift; path = OnboardingCompleteView.swift; sourceTree = "<group>"; };
		A20000000000000000000019 /* HomeDashboardView.swift */ = {isa = PBXFileReference; lastKnownFileType = sourcecode.swift; path = HomeDashboardView.swift; sourceTree = "<group>"; };
		A2000000000000000000001A /* TrendsView.swift */ = {isa = PBXFileReference; lastKnownFileType = sourcecode.swift; path = TrendsView.swift; sourceTree = "<group>"; };
		A2000000000000000000001B /* SymptomLogView.swift */ = {isa = PBXFileReference; lastKnownFileType = sourcecode.swift; path = SymptomLogView.swift; sourceTree = "<group>"; };
		A2000000000000000000001C /* MedicationsView.swift */ = {isa = PBXFileReference; lastKnownFileType = sourcecode.swift; path = MedicationsView.swift; sourceTree = "<group>"; };
		A2000000000000000000001D /* AlertsHistoryView.swift */ = {isa = PBXFileReference; lastKnownFileType = sourcecode.swift; path = AlertsHistoryView.swift; sourceTree = "<group>"; };
		A2000000000000000000001E /* SettingsView.swift */ = {isa = PBXFileReference; lastKnownFileType = sourcecode.swift; path = SettingsView.swift; sourceTree = "<group>"; };
		A2000000000000000000001F /* Info.plist */ = {isa = PBXFileReference; lastKnownFileType = text.plist.xml; path = Info.plist; sourceTree = "<group>"; };
		A20000000000000000000020 /* CardioGuard.app */ = {isa = PBXFileReference; explicitFileType = wrapper.application; includeInIndex = 0; path = CardioGuard.app; sourceTree = BUILT_PRODUCTS_DIR; };
		A20000000000000000000021 /* OnboardingHealthKitView.swift */ = {isa = PBXFileReference; lastKnownFileType = sourcecode.swift; path = OnboardingHealthKitView.swift; sourceTree = "<group>"; };
		A20000000000000000000022 /* Assets.xcassets */ = {isa = PBXFileReference; lastKnownFileType = folder.assetcatalog; path = Assets.xcassets; sourceTree = "<group>"; };
		A20000000000000000000023 /* HealthKit.framework */ = {isa = PBXFileReference; lastKnownFileType = wrapper.framework; name = HealthKit.framework; path = System/Library/Frameworks/HealthKit.framework; sourceTree = SDKROOT; };
		A20000000000000000000024 /* SyncService.swift */ = {isa = PBXFileReference; lastKnownFileType = sourcecode.swift; path = SyncService.swift; sourceTree = "<group>"; };
/* End PBXFileReference section */

/* Begin PBXFrameworksBuildPhase section */
		A30000000000000000000001 /* Frameworks */ = {
			isa = PBXFrameworksBuildPhase;
			buildActionMask = 2147483647;
			files = (
				A10000000000000000000021 /* HealthKit.framework in Frameworks */,
			);
			runOnlyForDeploymentPostprocessing = 0;
		};
/* End PBXFrameworksBuildPhase section */

/* Begin PBXGroup section */
		A40000000000000000000001 = {
			isa = PBXGroup;
			children = (
				A40000000000000000000002 /* CardioGuard */,
				A40000000000000000000003 /* Products */,
			);
			sourceTree = "<group>";
		};
		A40000000000000000000002 /* CardioGuard */ = {
			isa = PBXGroup;
			children = (
				A20000000000000000000001 /* CardioGuardApp.swift */,
				A20000000000000000000002 /* ContentView.swift */,
				A2000000000000000000001F /* Info.plist */,
				A20000000000000000000022 /* Assets.xcassets */,
				A40000000000000000000004 /* Models */,
				A40000000000000000000005 /* Services */,
				A40000000000000000000006 /* Theme */,
				A40000000000000000000007 /* Views */,
			);
			path = "";
			sourceTree = "<group>";
		};
		A40000000000000000000003 /* Products */ = {
			isa = PBXGroup;
			children = (
				A20000000000000000000020 /* CardioGuard.app */,
			);
			name = Products;
			sourceTree = "<group>";
		};
		A40000000000000000000004 /* Models */ = {
			isa = PBXGroup;
			children = (
				A20000000000000000000003 /* AppState.swift */,
				A20000000000000000000004 /* HeartFailureType.swift */,
				A20000000000000000000005 /* Medication.swift */,
				A20000000000000000000006 /* UserProfile.swift */,
				A20000000000000000000007 /* SymptomEntry.swift */,
				A20000000000000000000008 /* AlertRecord.swift */,
				A20000000000000000000009 /* RiskLevel.swift */,
			);
			path = Models;
			sourceTree = "<group>";
		};
		A40000000000000000000005 /* Services */ = {
			isa = PBXGroup;
			children = (
				A2000000000000000000000B /* PersistenceController.swift */,
				A2000000000000000000000C /* CoreDataEntities.swift */,
				A2000000000000000000000D /* ProfileStore.swift */,
				A2000000000000000000000E /* HealthKitService.swift */,
				A2000000000000000000000F /* DataRepository.swift */,
				A20000000000000000000010 /* RiskScoringEngine.swift */,
				A20000000000000000000011 /* AlertManager.swift */,
				A20000000000000000000012 /* AppServices.swift */,
				A20000000000000000000024 /* SyncService.swift */,
			);
			path = Services;
			sourceTree = "<group>";
		};
		A40000000000000000000006 /* Theme */ = {
			isa = PBXGroup;
			children = (
				A2000000000000000000000A /* AppColors.swift */,
			);
			path = Theme;
			sourceTree = "<group>";
		};
		A40000000000000000000007 /* Views */ = {
			isa = PBXGroup;
			children = (
				A40000000000000000000008 /* Onboarding */,
				A40000000000000000000009 /* Home */,
				A4000000000000000000000A /* Trends */,
				A4000000000000000000000B /* Symptoms */,
				A4000000000000000000000C /* Medications */,
				A4000000000000000000000D /* Alerts */,
				A4000000000000000000000E /* Settings */,
			);
			path = Views;
			sourceTree = "<group>";
		};
		A40000000000000000000008 /* Onboarding */ = {
			isa = PBXGroup;
			children = (
				A20000000000000000000013 /* OnboardingContainerView.swift */,
				A20000000000000000000014 /* OnboardingHFTypeView.swift */,
				A20000000000000000000015 /* OnboardingMedicationsView.swift */,
				A20000000000000000000016 /* OnboardingBaselineView.swift */,
				A20000000000000000000021 /* OnboardingHealthKitView.swift */,
				A20000000000000000000018 /* OnboardingCompleteView.swift */,
			);
			path = Onboarding;
			sourceTree = "<group>";
		};
		A40000000000000000000009 /* Home */ = {
			isa = PBXGroup;
			children = (
				A20000000000000000000019 /* HomeDashboardView.swift */,
			);
			path = Home;
			sourceTree = "<group>";
		};
		A4000000000000000000000A /* Trends */ = {
			isa = PBXGroup;
			children = (
				A2000000000000000000001A /* TrendsView.swift */,
			);
			path = Trends;
			sourceTree = "<group>";
		};
		A4000000000000000000000B /* Symptoms */ = {
			isa = PBXGroup;
			children = (
				A2000000000000000000001B /* SymptomLogView.swift */,
			);
			path = Symptoms;
			sourceTree = "<group>";
		};
		A4000000000000000000000C /* Medications */ = {
			isa = PBXGroup;
			children = (
				A2000000000000000000001C /* MedicationsView.swift */,
			);
			path = Medications;
			sourceTree = "<group>";
		};
		A4000000000000000000000D /* Alerts */ = {
			isa = PBXGroup;
			children = (
				A2000000000000000000001D /* AlertsHistoryView.swift */,
			);
			path = Alerts;
			sourceTree = "<group>";
		};
		A4000000000000000000000E /* Settings */ = {
			isa = PBXGroup;
			children = (
				A2000000000000000000001E /* SettingsView.swift */,
			);
			path = Settings;
			sourceTree = "<group>";
		};
/* End PBXGroup section */

/* Begin PBXNativeTarget section */
		A50000000000000000000001 /* CardioGuard */ = {
			isa = PBXNativeTarget;
			buildConfigurationList = A60000000000000000000002 /* Build configuration list for PBXNativeTarget "CardioGuard" */;
			buildPhases = (
				A50000000000000000000002 /* Sources */,
				A30000000000000000000001 /* Frameworks */,
				A50000000000000000000003 /* Resources */,
			);
			buildRules = (
			);
			dependencies = (
			);
			name = CardioGuard;
			productName = CardioGuard;
			productReference = A20000000000000000000020 /* CardioGuard.app */;
			productType = "com.apple.product-type.application";
		};
/* End PBXNativeTarget section */

/* Begin PBXProject section */
		A70000000000000000000001 /* Project object */ = {
			isa = PBXProject;
			attributes = {
				BuildIndependentTargets = 1;
				LastSwiftUpdateCheck = 1500;
				LastUpgradeCheck = 1500;
			};
			buildConfigurationList = A60000000000000000000001 /* Build configuration list for PBXProject "CardioGuard" */;
			compatibilityVersion = "Xcode 14.0";
			developmentRegion = en;
			hasScannedForEncodings = 0;
			knownRegions = (
				en,
				Base,
			);
			mainGroup = A40000000000000000000001;
			productRefGroup = A40000000000000000000003 /* Products */;
			projectDirPath = "";
			projectRoot = "";
			targets = (
				A50000000000000000000001 /* CardioGuard */,
			);
		};
/* End PBXProject section */

/* Begin PBXResourcesBuildPhase section */
		A50000000000000000000003 /* Resources */ = {
			isa = PBXResourcesBuildPhase;
			buildActionMask = 2147483647;
			files = (
				A1000000000000000000001F /* Info.plist in Resources */,
				A10000000000000000000020 /* Assets.xcassets in Resources */,
			);
			runOnlyForDeploymentPostprocessing = 0;
		};
/* End PBXResourcesBuildPhase section */

/* Begin PBXSourcesBuildPhase section */
		A50000000000000000000002 /* Sources */ = {
			isa = PBXSourcesBuildPhase;
			buildActionMask = 2147483647;
			files = (
				A10000000000000000000001 /* CardioGuardApp.swift in Sources */,
				A10000000000000000000002 /* ContentView.swift in Sources */,
				A10000000000000000000003 /* AppState.swift in Sources */,
				A10000000000000000000004 /* HeartFailureType.swift in Sources */,
				A10000000000000000000005 /* Medication.swift in Sources */,
				A10000000000000000000006 /* UserProfile.swift in Sources */,
				A10000000000000000000007 /* SymptomEntry.swift in Sources */,
				A10000000000000000000008 /* AlertRecord.swift in Sources */,
				A10000000000000000000009 /* RiskLevel.swift in Sources */,
				A1000000000000000000000A /* AppColors.swift in Sources */,
				A1000000000000000000000B /* PersistenceController.swift in Sources */,
				A1000000000000000000000C /* CoreDataEntities.swift in Sources */,
				A1000000000000000000000D /* ProfileStore.swift in Sources */,
				A1000000000000000000000E /* HealthKitService.swift in Sources */,
				A1000000000000000000000F /* DataRepository.swift in Sources */,
				A10000000000000000000010 /* RiskScoringEngine.swift in Sources */,
				A10000000000000000000011 /* AlertManager.swift in Sources */,
				A10000000000000000000012 /* AppServices.swift in Sources */,
				A10000000000000000000030 /* SyncService.swift in Sources */,
				A10000000000000000000013 /* OnboardingContainerView.swift in Sources */,
				A10000000000000000000014 /* OnboardingHFTypeView.swift in Sources */,
				A10000000000000000000015 /* OnboardingMedicationsView.swift in Sources */,
				A10000000000000000000016 /* OnboardingBaselineView.swift in Sources */,
				A10000000000000000000017 /* OnboardingHealthKitView.swift in Sources */,
				A10000000000000000000018 /* OnboardingCompleteView.swift in Sources */,
				A10000000000000000000019 /* HomeDashboardView.swift in Sources */,
				A1000000000000000000001A /* TrendsView.swift in Sources */,
				A1000000000000000000001B /* SymptomLogView.swift in Sources */,
				A1000000000000000000001C /* MedicationsView.swift in Sources */,
				A1000000000000000000001D /* AlertsHistoryView.swift in Sources */,
				A1000000000000000000001E /* SettingsView.swift in Sources */,
			);
			runOnlyForDeploymentPostprocessing = 0;
		};
/* End PBXSourcesBuildPhase section */

/* Begin XCBuildConfiguration section */
		A80000000000000000000001 /* Debug */ = {
			isa = XCBuildConfiguration;
			buildSettings = {
				ALWAYS_SEARCH_USER_PATHS = NO;
				ASSETCATALOG_COMPILER_GENERATE_SWIFT_ASSET_SYMBOL_EXTENSIONS = YES;
				CLANG_ANALYZER_NONNULL = YES;
				CLANG_ANALYZER_NUMBER_OBJECT_CONVERSION = YES_AGGRESSIVE;
				CLANG_CXX_LANGUAGE_STANDARD = "gnu++20";
				CLANG_ENABLE_MODULES = YES;
				CLANG_ENABLE_OBJC_ARC = YES;
				COPY_PHASE_STRIP = NO;
				DEBUG_INFORMATION_FORMAT = dwarf;
				ENABLE_STRICT_OBJC_MSGSEND = YES;
				ENABLE_TESTABILITY = YES;
				GCC_C_LANGUAGE_STANDARD = gnu17;
				GCC_DYNAMIC_NO_PIC = NO;
				GCC_OPTIMIZATION_LEVEL = 0;
				GCC_PREPROCESSOR_DEFINITIONS = (
					"DEBUG=1",
					"$(inherited)",
				);
				GCC_WARN_64_TO_32_BIT_CONVERSION = YES;
				GCC_WARN_ABOUT_RETURN_TYPE = YES_ERROR;
				GCC_WARN_UNDECLARED_SELECTOR = YES;
				GCC_WARN_UNINITIALIZED_AUTOS = YES_AGGRESSIVE;
				IPHONEOS_DEPLOYMENT_TARGET = 16.0;
				LOCALIZATION_PREFERS_STRING_CATALOGS = YES;
				MTL_FAST_MATH = YES;
				ONLY_ACTIVE_ARCH = YES;
				SDKROOT = iphoneos;
				SWIFT_ACTIVE_COMPILATION_CONDITIONS = "DEBUG $(inherited)";
				SWIFT_OPTIMIZATION_LEVEL = "-Onone";
			};
			name = Debug;
		};
		A80000000000000000000002 /* Release */ = {
			isa = XCBuildConfiguration;
			buildSettings = {
				ALWAYS_SEARCH_USER_PATHS = NO;
				ASSETCATALOG_COMPILER_GENERATE_SWIFT_ASSET_SYMBOL_EXTENSIONS = YES;
				CLANG_ANALYZER_NONNULL = YES;
				CLANG_ANALYZER_NUMBER_OBJECT_CONVERSION = YES_AGGRESSIVE;
				CLANG_CXX_LANGUAGE_STANDARD = "gnu++20";
				CLANG_ENABLE_MODULES = YES;
				CLANG_ENABLE_OBJC_ARC = YES;
				COPY_PHASE_STRIP = NO;
				DEBUG_INFORMATION_FORMAT = "dwarf-with-dsym";
				ENABLE_NS_ASSERTIONS = NO;
				ENABLE_STRICT_OBJC_MSGSEND = YES;
				GCC_C_LANGUAGE_STANDARD = gnu17;
				GCC_WARN_64_TO_32_BIT_CONVERSION = YES;
				GCC_WARN_ABOUT_RETURN_TYPE = YES_ERROR;
				GCC_WARN_UNDECLARED_SELECTOR = YES;
				GCC_WARN_UNINITIALIZED_AUTOS = YES_AGGRESSIVE;
				IPHONEOS_DEPLOYMENT_TARGET = 16.0;
				LOCALIZATION_PREFERS_STRING_CATALOGS = YES;
				MTL_FAST_MATH = YES;
				SDKROOT = iphoneos;
				SWIFT_COMPILATION_MODE = wholemodule;
				VALIDATE_PRODUCT = YES;
			};
			name = Release;
		};
		A80000000000000000000003 /* Debug */ = {
			isa = XCBuildConfiguration;
			buildSettings = {
				ASSETCATALOG_COMPILER_APPICON_NAME = AppIcon;
				ASSETCATALOG_COMPILER_GLOBAL_ACCENT_COLOR_NAME = AccentColor;
				CODE_SIGN_ENTITLEMENTS = CardioGuard.entitlements;
				CODE_SIGN_STYLE = Automatic;
				CURRENT_PROJECT_VERSION = 1;
				DEVELOPMENT_ASSET_PATHS = "";
				ENABLE_PREVIEWS = YES;
				GENERATE_INFOPLIST_FILE = NO;
				INFOPLIST_FILE = Info.plist;
				INFOPLIST_KEY_UIApplicationSceneManifest_Generation = YES;
				INFOPLIST_KEY_UIApplicationSupportsIndirectInputEvents = YES;
				INFOPLIST_KEY_UILaunchScreen_Generation = YES;
				INFOPLIST_KEY_UISupportedInterfaceOrientations = "UIInterfaceOrientationPortrait UIInterfaceOrientationLandscapeLeft UIInterfaceOrientationLandscapeRight";
				LD_RUNPATH_SEARCH_PATHS = (
					"$(inherited)",
					"@executable_path/Frameworks",
				);
				MARKETING_VERSION = 1.0;
				PRODUCT_BUNDLE_IDENTIFIER = com.cardioGuard.app;
				PRODUCT_NAME = "$(TARGET_NAME)";
				SUPPORTED_PLATFORMS = "iphoneos iphonesimulator";
				SUPPORTS_MACCATALYST = NO;
				SWIFT_EMIT_LOC_STRINGS = YES;
				SWIFT_VERSION = 5.0;
				TARGETED_DEVICE_FAMILY = "1,2";
			};
			name = Debug;
		};
		A80000000000000000000004 /* Release */ = {
			isa = XCBuildConfiguration;
			buildSettings = {
				ASSETCATALOG_COMPILER_APPICON_NAME = AppIcon;
				ASSETCATALOG_COMPILER_GLOBAL_ACCENT_COLOR_NAME = AccentColor;
				CODE_SIGN_ENTITLEMENTS = CardioGuard.entitlements;
				CODE_SIGN_STYLE = Automatic;
				CURRENT_PROJECT_VERSION = 1;
				DEVELOPMENT_ASSET_PATHS = "";
				ENABLE_PREVIEWS = YES;
				GENERATE_INFOPLIST_FILE = NO;
				INFOPLIST_FILE = Info.plist;
				INFOPLIST_KEY_UIApplicationSceneManifest_Generation = YES;
				INFOPLIST_KEY_UIApplicationSupportsIndirectInputEvents = YES;
				INFOPLIST_KEY_UILaunchScreen_Generation = YES;
				INFOPLIST_KEY_UISupportedInterfaceOrientations = "UIInterfaceOrientationPortrait UIInterfaceOrientationLandscapeLeft UIInterfaceOrientationLandscapeRight";
				LD_RUNPATH_SEARCH_PATHS = (
					"$(inherited)",
					"@executable_path/Frameworks",
				);
				MARKETING_VERSION = 1.0;
				PRODUCT_BUNDLE_IDENTIFIER = com.cardioGuard.app;
				PRODUCT_NAME = "$(TARGET_NAME)";
				SUPPORTED_PLATFORMS = "iphoneos iphonesimulator";
				SUPPORTS_MACCATALYST = NO;
				SWIFT_EMIT_LOC_STRINGS = YES;
				SWIFT_VERSION = 5.0;
				TARGETED_DEVICE_FAMILY = "1,2";
			};
			name = Release;
		};
/* End XCBuildConfiguration section */

/* Begin XCConfigurationList section */
		A60000000000000000000001 /* Build configuration list for PBXProject "CardioGuard" */ = {
			isa = XCConfigurationList;
			buildConfigurations = (
				A80000000000000000000001 /* Debug */,
				A80000000000000000000002 /* Release */,
			);
			defaultConfigurationIsVisible = 0;
			defaultConfigurationName = Release;
		};
		A60000000000000000000002 /* Build configuration list for PBXNativeTarget "CardioGuard" */ = {
			isa = XCConfigurationList;
			buildConfigurations = (
				A80000000000000000000003 /* Debug */,
				A80000000000000000000004 /* Release */,
			);
			defaultConfigurationIsVisible = 0;
			defaultConfigurationName = Release;
		};
/* End XCConfigurationList section */
	};
	rootObject = A70000000000000000000001 /* Project object */;
}
